
Microsoft Visual Studio Solution File, Format Version 10.00
# Visual Studio 2008
Project("{FAE04EC0-301F-11D3-BF4B-00C04F79EFBC}") = "ED2_ConversionTiposClasesAsignacionImplicitaCorrecta", "ED2_ConversionTiposClasesAsignacionImplicitaCorrecta\ED2_ConversionTiposClasesAsignacionImplicitaCorrecta.csproj", "{03787F8C-E586-445C-AB3D-A288E0E9B700}"
EndProject
Global
	GlobalSection(SolutionConfigurationPlatforms) = preSolution
		Debug|Any CPU = Debug|Any CPU
		Release|Any CPU = Release|Any CPU
	EndGlobalSection
	GlobalSection(ProjectConfigurationPlatforms) = postSolution
		{03787F8C-E586-445C-AB3D-A288E0E9B700}.Debug|Any CPU.ActiveCfg = Debug|Any CPU
		{03787F8C-E586-445C-AB3D-A288E0E9B700}.Debug|Any CPU.Build.0 = Debug|Any CPU
		{03787F8C-E586-445C-AB3D-A288E0E9B700}.Release|Any CPU.ActiveCfg = Release|Any CPU
		{03787F8C-E586-445C-AB3D-A288E0E9B700}.Release|Any CPU.Build.0 = Release|Any CPU
	EndGlobalSection
	GlobalSection(SolutionProperties) = preSolution
		HideSolutionNode = FALSE
	EndGlobalSection
EndGlobal
