
Microsoft Visual Studio Solution File, Format Version 10.00
# Visual Studio 2008
Project("{FAE04EC0-301F-11D3-BF4B-00C04F79EFBC}") = "ED2_SeleccionDinamicaFiguras", "ED2_SeleccionDinamicaFiguras\ED2_SeleccionDinamicaFiguras.csproj", "{18D9A2F2-A362-4934-B8E5-84074F811C5A}"
EndProject
Global
	GlobalSection(SolutionConfigurationPlatforms) = preSolution
		Debug|Any CPU = Debug|Any CPU
		Release|Any CPU = Release|Any CPU
	EndGlobalSection
	GlobalSection(ProjectConfigurationPlatforms) = postSolution
		{18D9A2F2-A362-4934-B8E5-84074F811C5A}.Debug|Any CPU.ActiveCfg = Debug|Any CPU
		{18D9A2F2-A362-4934-B8E5-84074F811C5A}.Debug|Any CPU.Build.0 = Debug|Any CPU
		{18D9A2F2-A362-4934-B8E5-84074F811C5A}.Release|Any CPU.ActiveCfg = Release|Any CPU
		{18D9A2F2-A362-4934-B8E5-84074F811C5A}.Release|Any CPU.Build.0 = Release|Any CPU
	EndGlobalSection
	GlobalSection(SolutionProperties) = preSolution
		HideSolutionNode = FALSE
	EndGlobalSection
EndGlobal
