
Microsoft Visual Studio Solution File, Format Version 10.00
# Visual Studio 2008
Project("{FAE04EC0-301F-11D3-BF4B-00C04F79EFBC}") = "ED2_ConversionTiposClasesBienDefinida", "ED2_ConversionTiposClasesBienDefinida\ED2_ConversionTiposClasesBienDefinida.csproj", "{1C22EFB2-E59A-400C-A48F-01EE9A1B948B}"
EndProject
Global
	GlobalSection(SolutionConfigurationPlatforms) = preSolution
		Debug|Any CPU = Debug|Any CPU
		Release|Any CPU = Release|Any CPU
	EndGlobalSection
	GlobalSection(ProjectConfigurationPlatforms) = postSolution
		{1C22EFB2-E59A-400C-A48F-01EE9A1B948B}.Debug|Any CPU.ActiveCfg = Debug|Any CPU
		{1C22EFB2-E59A-400C-A48F-01EE9A1B948B}.Debug|Any CPU.Build.0 = Debug|Any CPU
		{1C22EFB2-E59A-400C-A48F-01EE9A1B948B}.Release|Any CPU.ActiveCfg = Release|Any CPU
		{1C22EFB2-E59A-400C-A48F-01EE9A1B948B}.Release|Any CPU.Build.0 = Release|Any CPU
	EndGlobalSection
	GlobalSection(SolutionProperties) = preSolution
		HideSolutionNode = FALSE
	EndGlobalSection
EndGlobal
