
Microsoft Visual Studio Solution File, Format Version 10.00
# Visual Studio 2008
Project("{FAE04EC0-301F-11D3-BF4B-00C04F79EFBC}") = "ED2_ReferenciaInterfacePilaDinamica", "ED2_ReferenciaInterfacePilaDinamica\ED2_ReferenciaInterfacePilaDinamica.csproj", "{D6E6947F-A5E7-4775-A41F-2D1227A2AB93}"
EndProject
Global
	GlobalSection(SolutionConfigurationPlatforms) = preSolution
		Debug|Any CPU = Debug|Any CPU
		Release|Any CPU = Release|Any CPU
	EndGlobalSection
	GlobalSection(ProjectConfigurationPlatforms) = postSolution
		{D6E6947F-A5E7-4775-A41F-2D1227A2AB93}.Debug|Any CPU.ActiveCfg = Debug|Any CPU
		{D6E6947F-A5E7-4775-A41F-2D1227A2AB93}.Debug|Any CPU.Build.0 = Debug|Any CPU
		{D6E6947F-A5E7-4775-A41F-2D1227A2AB93}.Release|Any CPU.ActiveCfg = Release|Any CPU
		{D6E6947F-A5E7-4775-A41F-2D1227A2AB93}.Release|Any CPU.Build.0 = Release|Any CPU
	EndGlobalSection
	GlobalSection(SolutionProperties) = preSolution
		HideSolutionNode = FALSE
	EndGlobalSection
EndGlobal
